
Microsoft Visual Studio Solution File, Format Version 12.00
# Visual Studio Version 17
VisualStudioVersion = 17.13.35931.197 d17.13
MinimumVisualStudioVersion = 10.0.40219.1
Project("{54A90642-561A-4BB1-A94E-469ADEE60C69}") = "finanzen.client", "finanzen.client\finanzen.client.esproj", "{89CFA239-ACA0-465A-984D-36EF82E9ADE9}"
EndProject
Project("{FAE04EC0-301F-11D3-BF4B-00C04F79EFBC}") = "FinanZen.Server", "FinanZen.Server\FinanZen.Server.csproj", "{CDFEC48D-32E0-45F5-8241-D7F280A34BED}"
EndProject
Global
	GlobalSection(SolutionConfigurationPlatforms) = preSolution
		Debug|Any CPU = Debug|Any CPU
		Release|Any CPU = Release|Any CPU
	EndGlobalSection
	GlobalSection(ProjectConfigurationPlatforms) = postSolution
		{89CFA239-ACA0-465A-984D-36EF82E9ADE9}.Debug|Any CPU.ActiveCfg = Debug|Any CPU
		{89CFA239-ACA0-465A-984D-36EF82E9ADE9}.Debug|Any CPU.Build.0 = Debug|Any CPU
		{89CFA239-ACA0-465A-984D-36EF82E9ADE9}.Debug|Any CPU.Deploy.0 = Debug|Any CPU
		{89CFA239-ACA0-465A-984D-36EF82E9ADE9}.Release|Any CPU.ActiveCfg = Release|Any CPU
		{89CFA239-ACA0-465A-984D-36EF82E9ADE9}.Release|Any CPU.Build.0 = Release|Any CPU
		{89CFA239-ACA0-465A-984D-36EF82E9ADE9}.Release|Any CPU.Deploy.0 = Release|Any CPU
		{CDFEC48D-32E0-45F5-8241-D7F280A34BED}.Debug|Any CPU.ActiveCfg = Debug|Any CPU
		{CDFEC48D-32E0-45F5-8241-D7F280A34BED}.Debug|Any CPU.Build.0 = Debug|Any CPU
		{CDFEC48D-32E0-45F5-8241-D7F280A34BED}.Release|Any CPU.ActiveCfg = Release|Any CPU
		{CDFEC48D-32E0-45F5-8241-D7F280A34BED}.Release|Any CPU.Build.0 = Release|Any CPU
	EndGlobalSection
	GlobalSection(SolutionProperties) = preSolution
		HideSolutionNode = FALSE
	EndGlobalSection
	GlobalSection(ExtensibilityGlobals) = postSolution
		SolutionGuid = {1CC9DEB3-5924-4EF2-8EF2-5FAE7944D0D5}
	EndGlobalSection
EndGlobal
